{
  "version": 4,
  "terraform_version": "1.7.4",
  "serial": 33,
  "lineage": "85433e65-c914-e3f3-7769-5af33fbdb743",
  "outputs": {},
  "resources": [
    {
      "mode": "data",
      "type": "azurerm_client_config",
      "name": "current",
      "provider": "provider[\"registry.terraform.io/hashicorp/azurerm\"]",
      "instances": [
        {
          "schema_version": 0,
          "attributes": {
            "client_id": "f5cb8c23-d862-42ea-822a-a8f8615cf618",
            "id": "Y2xpZW50Q29uZmlncy9jbGllbnRJZD1mNWNiOGMyMy1kODYyLTQyZWEtODIyYS1hOGY4NjE1Y2Y2MTg7b2JqZWN0SWQ9Nzk5NzdkNTYtNWFlZi00MGJiLWFmYzEtOWYyOWQ3MzE0OTNkO3N1YnNjcmlwdGlvbklkPTMyNzkzNDg1LWQ2YTMtNDIyYS1iOWI2LTQ1N2UyZGIwNTI1ZDt0ZW5hbnRJZD1iOTAxY2NlZC02MzM1LTQ0NjEtYmRiNC0wMzdkZDdlMzQ2MGI=",
            "object_id": "79977d56-5aef-40bb-afc1-9f29d731493d",
            "subscription_id": "32793485-d6a3-422a-b9b6-457e2db0525d",
            "tenant_id": "b901cced-6335-4461-bdb4-037dd7e3460b",
            "timeouts": null
          },
          "sensitive_attributes": []
        }
      ]
    },
    {
      "mode": "managed",
      "type": "azurerm_key_vault",
      "name": "kvs01",
      "provider": "provider[\"registry.terraform.io/hashicorp/azurerm\"]",
      "instances": [
        {
          "schema_version": 2,
          "attributes": {
            "access_policy": [],
            "contact": [],
            "enable_rbac_authorization": true,
            "enabled_for_deployment": false,
            "enabled_for_disk_encryption": true,
            "enabled_for_template_deployment": false,
            "id": "/subscriptions/32793485-d6a3-422a-b9b6-457e2db0525d/resourceGroups/rg-01/providers/Microsoft.KeyVault/vaults/kvs01",
            "location": "eastus2",
            "name": "kvs01",
            "network_acls": [
              {
                "bypass": "AzureServices",
                "default_action": "Allow",
                "ip_rules": [],
                "virtual_network_subnet_ids": []
              }
            ],
            "public_network_access_enabled": true,
            "purge_protection_enabled": true,
            "resource_group_name": "rg-01",
            "sku_name": "standard",
            "soft_delete_retention_days": 7,
            "tags": {},
            "tenant_id": "b901cced-6335-4461-bdb4-037dd7e3460b",
            "timeouts": null,
            "vault_uri": "https://kvs01.vault.azure.net/"
          },
          "sensitive_attributes": [],
          "private": "eyJlMmJmYjczMC1lY2FhLTExZTYtOGY4OC0zNDM2M2JjN2M0YzAiOnsiY3JlYXRlIjoxODAwMDAwMDAwMDAwLCJkZWxldGUiOjE4MDAwMDAwMDAwMDAsInJlYWQiOjMwMDAwMDAwMDAwMCwidXBkYXRlIjoxODAwMDAwMDAwMDAwfSwic2NoZW1hX3ZlcnNpb24iOiIyIn0=",
          "dependencies": [
            "data.azurerm_client_config.current"
          ]
        }
      ]
    },
    {
      "mode": "managed",
      "type": "azurerm_resource_group",
      "name": "rg-01",
      "provider": "provider[\"registry.terraform.io/hashicorp/azurerm\"]",
      "instances": [
        {
          "schema_version": 0,
          "attributes": {
            "id": "/subscriptions/32793485-d6a3-422a-b9b6-457e2db0525d/resourceGroups/rg-01",
            "location": "eastus2",
            "managed_by": "",
            "name": "rg-01",
            "tags": {},
            "timeouts": null
          },
          "sensitive_attributes": [],
          "private": "eyJlMmJmYjczMC1lY2FhLTExZTYtOGY4OC0zNDM2M2JjN2M0YzAiOnsiY3JlYXRlIjo1NDAwMDAwMDAwMDAwLCJkZWxldGUiOjU0MDAwMDAwMDAwMDAsInJlYWQiOjMwMDAwMDAwMDAwMCwidXBkYXRlIjo1NDAwMDAwMDAwMDAwfX0="
        }
      ]
    },
    {
      "mode": "managed",
      "type": "azurerm_resource_group",
      "name": "rg-02",
      "provider": "provider[\"registry.terraform.io/hashicorp/azurerm\"]",
      "instances": [
        {
          "schema_version": 0,
          "attributes": {
            "id": "/subscriptions/32793485-d6a3-422a-b9b6-457e2db0525d/resourceGroups/rg-02",
            "location": "australiaeast",
            "managed_by": "",
            "name": "rg-02",
            "tags": {},
            "timeouts": null
          },
          "sensitive_attributes": [],
          "private": "eyJlMmJmYjczMC1lY2FhLTExZTYtOGY4OC0zNDM2M2JjN2M0YzAiOnsiY3JlYXRlIjo1NDAwMDAwMDAwMDAwLCJkZWxldGUiOjU0MDAwMDAwMDAwMDAsInJlYWQiOjMwMDAwMDAwMDAwMCwidXBkYXRlIjo1NDAwMDAwMDAwMDAwfX0="
        }
      ]
    },
    {
      "mode": "managed",
      "type": "azurerm_storage_account",
      "name": "satestsa001",
      "provider": "provider[\"registry.terraform.io/hashicorp/azurerm\"]",
      "instances": [
        {
          "schema_version": 4,
          "attributes": {
            "access_tier": "Hot",
            "account_kind": "StorageV2",
            "account_replication_type": "LRS",
            "account_tier": "Standard",
            "allow_nested_items_to_be_public": true,
            "allowed_copy_scope": "",
            "azure_files_authentication": [],
            "blob_properties": [
              {
                "change_feed_enabled": false,
                "change_feed_retention_in_days": 0,
                "container_delete_retention_policy": [],
                "cors_rule": [],
                "default_service_version": "",
                "delete_retention_policy": [],
                "last_access_time_enabled": false,
                "restore_policy": [],
                "versioning_enabled": false
              }
            ],
            "cross_tenant_replication_enabled": true,
            "custom_domain": [],
            "customer_managed_key": [],
            "default_to_oauth_authentication": false,
            "edge_zone": "",
            "enable_https_traffic_only": true,
            "id": "/subscriptions/32793485-d6a3-422a-b9b6-457e2db0525d/resourceGroups/rg-01/providers/Microsoft.Storage/storageAccounts/satestsa001",
            "identity": [],
            "immutability_policy": [],
            "infrastructure_encryption_enabled": false,
            "is_hns_enabled": false,
            "large_file_share_enabled": null,
            "location": "eastus2",
            "min_tls_version": "TLS1_2",
            "name": "satestsa001",
            "network_rules": [
              {
                "bypass": [
                  "AzureServices"
                ],
                "default_action": "Allow",
                "ip_rules": [],
                "private_link_access": [],
                "virtual_network_subnet_ids": []
              }
            ],
            "nfsv3_enabled": false,
            "primary_access_key": "zRb4KHmh54jsREOuqaY2Y8X/WYrZnxsg984wZgWrAbX34Jo2qG7RxwIeTrMInNJGN7V0ygdcWds2+AStcb6vyQ==",
            "primary_blob_connection_string": "DefaultEndpointsProtocol=https;BlobEndpoint=https://satestsa001.blob.core.windows.net/;AccountName=satestsa001;AccountKey=zRb4KHmh54jsREOuqaY2Y8X/WYrZnxsg984wZgWrAbX34Jo2qG7RxwIeTrMInNJGN7V0ygdcWds2+AStcb6vyQ==",
            "primary_blob_endpoint": "https://satestsa001.blob.core.windows.net/",
            "primary_blob_host": "satestsa001.blob.core.windows.net",
            "primary_blob_internet_endpoint": null,
            "primary_blob_internet_host": null,
            "primary_blob_microsoft_endpoint": null,
            "primary_blob_microsoft_host": null,
            "primary_connection_string": "DefaultEndpointsProtocol=https;AccountName=satestsa001;AccountKey=zRb4KHmh54jsREOuqaY2Y8X/WYrZnxsg984wZgWrAbX34Jo2qG7RxwIeTrMInNJGN7V0ygdcWds2+AStcb6vyQ==;EndpointSuffix=core.windows.net",
            "primary_dfs_endpoint": "https://satestsa001.dfs.core.windows.net/",
            "primary_dfs_host": "satestsa001.dfs.core.windows.net",
            "primary_dfs_internet_endpoint": null,
            "primary_dfs_internet_host": null,
            "primary_dfs_microsoft_endpoint": null,
            "primary_dfs_microsoft_host": null,
            "primary_file_endpoint": "https://satestsa001.file.core.windows.net/",
            "primary_file_host": "satestsa001.file.core.windows.net",
            "primary_file_internet_endpoint": null,
            "primary_file_internet_host": null,
            "primary_file_microsoft_endpoint": null,
            "primary_file_microsoft_host": null,
            "primary_location": "eastus2",
            "primary_queue_endpoint": "https://satestsa001.queue.core.windows.net/",
            "primary_queue_host": "satestsa001.queue.core.windows.net",
            "primary_queue_microsoft_endpoint": null,
            "primary_queue_microsoft_host": null,
            "primary_table_endpoint": "https://satestsa001.table.core.windows.net/",
            "primary_table_host": "satestsa001.table.core.windows.net",
            "primary_table_microsoft_endpoint": null,
            "primary_table_microsoft_host": null,
            "primary_web_endpoint": "https://satestsa001.z20.web.core.windows.net/",
            "primary_web_host": "satestsa001.z20.web.core.windows.net",
            "primary_web_internet_endpoint": null,
            "primary_web_internet_host": null,
            "primary_web_microsoft_endpoint": null,
            "primary_web_microsoft_host": null,
            "public_network_access_enabled": true,
            "queue_encryption_key_type": "Service",
            "queue_properties": [
              {
                "cors_rule": [],
                "hour_metrics": [
                  {
                    "enabled": true,
                    "include_apis": true,
                    "retention_policy_days": 7,
                    "version": "1.0"
                  }
                ],
                "logging": [
                  {
                    "delete": false,
                    "read": false,
                    "retention_policy_days": 0,
                    "version": "1.0",
                    "write": false
                  }
                ],
                "minute_metrics": [
                  {
                    "enabled": false,
                    "include_apis": false,
                    "retention_policy_days": 0,
                    "version": "1.0"
                  }
                ]
              }
            ],
            "resource_group_name": "rg-01",
            "routing": [],
            "sas_policy": [],
            "secondary_access_key": "etIJo7m/znndLb3HZ7l1rb20rCTPjH607rMKYYgCkOEVN2luiM2V+1j1f050PiLkdlxwrB5D4tc0+AStb8nPFg==",
            "secondary_blob_connection_string": "",
            "secondary_blob_endpoint": null,
            "secondary_blob_host": null,
            "secondary_blob_internet_endpoint": null,
            "secondary_blob_internet_host": null,
            "secondary_blob_microsoft_endpoint": null,
            "secondary_blob_microsoft_host": null,
            "secondary_connection_string": "DefaultEndpointsProtocol=https;AccountName=satestsa001;AccountKey=etIJo7m/znndLb3HZ7l1rb20rCTPjH607rMKYYgCkOEVN2luiM2V+1j1f050PiLkdlxwrB5D4tc0+AStb8nPFg==;EndpointSuffix=core.windows.net",
            "secondary_dfs_endpoint": null,
            "secondary_dfs_host": null,
            "secondary_dfs_internet_endpoint": null,
            "secondary_dfs_internet_host": null,
            "secondary_dfs_microsoft_endpoint": null,
            "secondary_dfs_microsoft_host": null,
            "secondary_file_endpoint": null,
            "secondary_file_host": null,
            "secondary_file_internet_endpoint": null,
            "secondary_file_internet_host": null,
            "secondary_file_microsoft_endpoint": null,
            "secondary_file_microsoft_host": null,
            "secondary_location": "",
            "secondary_queue_endpoint": null,
            "secondary_queue_host": null,
            "secondary_queue_microsoft_endpoint": null,
            "secondary_queue_microsoft_host": null,
            "secondary_table_endpoint": null,
            "secondary_table_host": null,
            "secondary_table_microsoft_endpoint": null,
            "secondary_table_microsoft_host": null,
            "secondary_web_endpoint": null,
            "secondary_web_host": null,
            "secondary_web_internet_endpoint": null,
            "secondary_web_internet_host": null,
            "secondary_web_microsoft_endpoint": null,
            "secondary_web_microsoft_host": null,
            "sftp_enabled": false,
            "share_properties": [
              {
                "cors_rule": [],
                "retention_policy": [
                  {
                    "days": 7
                  }
                ],
                "smb": []
              }
            ],
            "shared_access_key_enabled": true,
            "static_website": [],
            "table_encryption_key_type": "Service",
            "tags": {},
            "timeouts": null
          },
          "sensitive_attributes": [],
          "private": "eyJlMmJmYjczMC1lY2FhLTExZTYtOGY4OC0zNDM2M2JjN2M0YzAiOnsiY3JlYXRlIjozNjAwMDAwMDAwMDAwLCJkZWxldGUiOjM2MDAwMDAwMDAwMDAsInJlYWQiOjMwMDAwMDAwMDAwMCwidXBkYXRlIjozNjAwMDAwMDAwMDAwfSwic2NoZW1hX3ZlcnNpb24iOiI0In0="
        }
      ]
    },
    {
      "mode": "managed",
      "type": "azurerm_virtual_network",
      "name": "vnet01",
      "provider": "provider[\"registry.terraform.io/hashicorp/azurerm\"]",
      "instances": [
        {
          "schema_version": 0,
          "attributes": {
            "address_space": [
              "10.0.0.0/16"
            ],
            "bgp_community": "",
            "ddos_protection_plan": [],
            "dns_servers": [
              "10.0.0.4",
              "10.0.0.5",
              "10.0.0.6",
              "10.0.0.7"
            ],
            "edge_zone": "",
            "encryption": [],
            "flow_timeout_in_minutes": 0,
            "guid": "1ee32a15-cfca-44fe-8281-aad45cb6cf9b",
            "id": "/subscriptions/32793485-d6a3-422a-b9b6-457e2db0525d/resourceGroups/rg-02/providers/Microsoft.Network/virtualNetworks/vnet01",
            "location": "australiaeast",
            "name": "vnet01",
            "resource_group_name": "rg-02",
            "subnet": [],
            "tags": {},
            "timeouts": null
          },
          "sensitive_attributes": [],
          "private": "eyJlMmJmYjczMC1lY2FhLTExZTYtOGY4OC0zNDM2M2JjN2M0YzAiOnsiY3JlYXRlIjoxODAwMDAwMDAwMDAwLCJkZWxldGUiOjE4MDAwMDAwMDAwMDAsInJlYWQiOjMwMDAwMDAwMDAwMCwidXBkYXRlIjoxODAwMDAwMDAwMDAwfX0="
        }
      ]
    },
    {
      "mode": "managed",
      "type": "azurerm_virtual_network",
      "name": "vnet02",
      "provider": "provider[\"registry.terraform.io/hashicorp/azurerm\"]",
      "instances": [
        {
          "schema_version": 0,
          "attributes": {
            "address_space": [
              "10.0.0.0/16"
            ],
            "bgp_community": "",
            "ddos_protection_plan": [],
            "dns_servers": [],
            "edge_zone": "",
            "encryption": [],
            "flow_timeout_in_minutes": 0,
            "guid": "ca6eee23-4d89-4cca-9024-8a92bb3bd388",
            "id": "/subscriptions/32793485-d6a3-422a-b9b6-457e2db0525d/resourceGroups/rg-01/providers/Microsoft.Network/virtualNetworks/vnet02",
            "location": "eastus2",
            "name": "vnet02",
            "resource_group_name": "rg-01",
            "subnet": [],
            "tags": {},
            "timeouts": null
          },
          "sensitive_attributes": [],
          "private": "eyJlMmJmYjczMC1lY2FhLTExZTYtOGY4OC0zNDM2M2JjN2M0YzAiOnsiY3JlYXRlIjoxODAwMDAwMDAwMDAwLCJkZWxldGUiOjE4MDAwMDAwMDAwMDAsInJlYWQiOjMwMDAwMDAwMDAwMCwidXBkYXRlIjoxODAwMDAwMDAwMDAwfX0="
        }
      ]
    },
    {
      "mode": "managed",
      "type": "azurerm_virtual_network",
      "name": "vnet03",
      "provider": "provider[\"registry.terraform.io/hashicorp/azurerm\"]",
      "instances": [
        {
          "schema_version": 0,
          "attributes": {
            "address_space": [
              "10.0.0.0/16"
            ],
            "bgp_community": "",
            "ddos_protection_plan": [],
            "dns_servers": [],
            "edge_zone": "",
            "encryption": [],
            "flow_timeout_in_minutes": 0,
            "guid": "e8530dcc-c559-4934-9523-040a17e5a606",
            "id": "/subscriptions/32793485-d6a3-422a-b9b6-457e2db0525d/resourceGroups/rg-02/providers/Microsoft.Network/virtualNetworks/vnet03",
            "location": "australiaeast",
            "name": "vnet03",
            "resource_group_name": "rg-02",
            "subnet": [],
            "tags": {},
            "timeouts": null
          },
          "sensitive_attributes": [],
          "private": "eyJlMmJmYjczMC1lY2FhLTExZTYtOGY4OC0zNDM2M2JjN2M0YzAiOnsiY3JlYXRlIjoxODAwMDAwMDAwMDAwLCJkZWxldGUiOjE4MDAwMDAwMDAwMDAsInJlYWQiOjMwMDAwMDAwMDAwMCwidXBkYXRlIjoxODAwMDAwMDAwMDAwfX0="
        }
      ]
    }
  ],
  "check_results": null
}
